// !$*UTF8*$!
{
	archiveVersion = 1;
	classes = {
	};
	objectVersion = 50;
	objects = {

/* Begin PBXBuildFile section */
		537E4DF1637E683B5568CFC1 /* Pods_StackOverflowQuestions.framework in Frameworks */ = {isa = PBXBuildFile; fileRef = 5AC849C13AF5F7C3B15BCD09 /* Pods_StackOverflowQuestions.framework */; };
		55422882221FB2BB00823775 /* .swiftlint.yml in Resources */ = {isa = PBXBuildFile; fileRef = 55422881221FB2BB00823775 /* .swiftlint.yml */; };
		5545C60521FF4455009F4425 /* LICENSE in Resources */ = {isa = PBXBuildFile; fileRef = 5545C60321FF4455009F4425 /* LICENSE */; };
		5545C60621FF4455009F4425 /* README.md in Resources */ = {isa = PBXBuildFile; fileRef = 5545C60421FF4455009F4425 /* README.md */; };
		5545C60A21FF4EC6009F4425 /* UITableView.png in Resources */ = {isa = PBXBuildFile; fileRef = 5545C60921FF4EC5009F4425 /* UITableView.png */; };
		559A9E8A21FDCC8D00DBB617 /* AppDelegate.swift in Sources */ = {isa = PBXBuildFile; fileRef = 559A9E8921FDCC8D00DBB617 /* AppDelegate.swift */; };
		559A9E8C21FDCC8D00DBB617 /* ViewController.swift in Sources */ = {isa = PBXBuildFile; fileRef = 559A9E8B21FDCC8D00DBB617 /* ViewController.swift */; };
		559A9E8F21FDCC8D00DBB617 /* Main.storyboard in Resources */ = {isa = PBXBuildFile; fileRef = 559A9E8D21FDCC8D00DBB617 /* Main.storyboard */; };
		559A9E9121FDCC8F00DBB617 /* Assets.xcassets in Resources */ = {isa = PBXBuildFile; fileRef = 559A9E9021FDCC8F00DBB617 /* Assets.xcassets */; };
		559A9E9421FDCC8F00DBB617 /* LaunchScreen.storyboard in Resources */ = {isa = PBXBuildFile; fileRef = 559A9E9221FDCC8F00DBB617 /* LaunchScreen.storyboard */; };
		559A9E9C21FDCDFA00DBB617 /* ResponseModel.swift in Sources */ = {isa = PBXBuildFile; fileRef = 559A9E9B21FDCDFA00DBB617 /* ResponseModel.swift */; };
		55A8478F221CF34C007EF49B /* PickerClasses.swift in Sources */ = {isa = PBXBuildFile; fileRef = 55A8478E221CF34C007EF49B /* PickerClasses.swift */; };
		55AE3D4B221AB34E00A2293C /* Settings.storyboard in Resources */ = {isa = PBXBuildFile; fileRef = 55AE3D4A221AB34E00A2293C /* Settings.storyboard */; };
		55AE3D4E221AD85400A2293C /* SettingsTableViewController.swift in Sources */ = {isa = PBXBuildFile; fileRef = 55AE3D4D221AD85400A2293C /* SettingsTableViewController.swift */; };
		55BA70E721FEC40A0084E6F4 /* StackOverflowRequest.swift in Sources */ = {isa = PBXBuildFile; fileRef = 55BA70E621FEC40A0084E6F4 /* StackOverflowRequest.swift */; };
		55C0898221FE90C400B0F42E /* HTTPClient.swift in Sources */ = {isa = PBXBuildFile; fileRef = 55C0898121FE90C400B0F42E /* HTTPClient.swift */; };
		55D9220721FEA19C00F8A0A6 /* TableDataSource.swift in Sources */ = {isa = PBXBuildFile; fileRef = 55D9220621FEA19C00F8A0A6 /* TableDataSource.swift */; };
		55D9220921FEA41C00F8A0A6 /* QuestionCell.swift in Sources */ = {isa = PBXBuildFile; fileRef = 55D9220821FEA41C00F8A0A6 /* QuestionCell.swift */; };
/* End PBXBuildFile section */

/* Begin PBXFileReference section */
		55422881221FB2BB00823775 /* .swiftlint.yml */ = {isa = PBXFileReference; fileEncoding = 4; lastKnownFileType = text; path = .swiftlint.yml; sourceTree = SOURCE_ROOT; };
		5545C60321FF4455009F4425 /* LICENSE */ = {isa = PBXFileReference; fileEncoding = 4; lastKnownFileType = text; path = LICENSE; sourceTree = "<group>"; };
		5545C60421FF4455009F4425 /* README.md */ = {isa = PBXFileReference; fileEncoding = 4; lastKnownFileType = net.daringfireball.markdown; path = README.md; sourceTree = "<group>"; };
		5545C60921FF4EC5009F4425 /* UITableView.png */ = {isa = PBXFileReference; lastKnownFileType = image.png; path = UITableView.png; sourceTree = "<group>"; };
		559A9E8621FDCC8D00DBB617 /* StackOverflowQuestions.app */ = {isa = PBXFileReference; explicitFileType = wrapper.application; includeInIndex = 0; path = StackOverflowQuestions.app; sourceTree = BUILT_PRODUCTS_DIR; };
		559A9E8921FDCC8D00DBB617 /* AppDelegate.swift */ = {isa = PBXFileReference; lastKnownFileType = sourcecode.swift; path = AppDelegate.swift; sourceTree = "<group>"; };
		559A9E8B21FDCC8D00DBB617 /* ViewController.swift */ = {isa = PBXFileReference; lastKnownFileType = sourcecode.swift; path = ViewController.swift; sourceTree = "<group>"; };
		559A9E8E21FDCC8D00DBB617 /* Base */ = {isa = PBXFileReference; lastKnownFileType = file.storyboard; name = Base; path = Base.lproj/Main.storyboard; sourceTree = "<group>"; };
		559A9E9021FDCC8F00DBB617 /* Assets.xcassets */ = {isa = PBXFileReference; lastKnownFileType = folder.assetcatalog; path = Assets.xcassets; sourceTree = "<group>"; };
		559A9E9321FDCC8F00DBB617 /* Base */ = {isa = PBXFileReference; lastKnownFileType = file.storyboard; name = Base; path = Base.lproj/LaunchScreen.storyboard; sourceTree = "<group>"; };
		559A9E9521FDCC8F00DBB617 /* Info.plist */ = {isa = PBXFileReference; lastKnownFileType = text.plist.xml; path = Info.plist; sourceTree = "<group>"; };
		559A9E9B21FDCDFA00DBB617 /* ResponseModel.swift */ = {isa = PBXFileReference; lastKnownFileType = sourcecode.swift; path = ResponseModel.swift; sourceTree = "<group>"; };
		55A8478E221CF34C007EF49B /* PickerClasses.swift */ = {isa = PBXFileReference; lastKnownFileType = sourcecode.swift; path = PickerClasses.swift; sourceTree = "<group>"; };
		55AE3D4A221AB34E00A2293C /* Settings.storyboard */ = {isa = PBXFileReference; lastKnownFileType = file.storyboard; path = Settings.storyboard; sourceTree = "<group>"; };
		55AE3D4D221AD85400A2293C /* SettingsTableViewController.swift */ = {isa = PBXFileReference; lastKnownFileType = sourcecode.swift; path = SettingsTableViewController.swift; sourceTree = "<group>"; };
		55BA70E621FEC40A0084E6F4 /* StackOverflowRequest.swift */ = {isa = PBXFileReference; lastKnownFileType = sourcecode.swift; path = StackOverflowRequest.swift; sourceTree = "<group>"; };
		55C0898121FE90C400B0F42E /* HTTPClient.swift */ = {isa = PBXFileReference; lastKnownFileType = sourcecode.swift; path = HTTPClient.swift; sourceTree = "<group>"; };
		55D9220621FEA19C00F8A0A6 /* TableDataSource.swift */ = {isa = PBXFileReference; lastKnownFileType = sourcecode.swift; path = TableDataSource.swift; sourceTree = "<group>"; };
		55D9220821FEA41C00F8A0A6 /* QuestionCell.swift */ = {isa = PBXFileReference; lastKnownFileType = sourcecode.swift; path = QuestionCell.swift; sourceTree = "<group>"; };
		5AC849C13AF5F7C3B15BCD09 /* Pods_StackOverflowQuestions.framework */ = {isa = PBXFileReference; explicitFileType = wrapper.framework; includeInIndex = 0; path = Pods_StackOverflowQuestions.framework; sourceTree = BUILT_PRODUCTS_DIR; };
		B3ED71D56998CBB837C6E189 /* Pods-StackOverflowQuestions.release.xcconfig */ = {isa = PBXFileReference; includeInIndex = 1; lastKnownFileType = text.xcconfig; name = "Pods-StackOverflowQuestions.release.xcconfig"; path = "Pods/Target Support Files/Pods-StackOverflowQuestions/Pods-StackOverflowQuestions.release.xcconfig"; sourceTree = "<group>"; };
		C237E2DD2368EB5FB9EA46F1 /* Pods-StackOverflowQuestions.debug.xcconfig */ = {isa = PBXFileReference; includeInIndex = 1; lastKnownFileType = text.xcconfig; name = "Pods-StackOverflowQuestions.debug.xcconfig"; path = "Pods/Target Support Files/Pods-StackOverflowQuestions/Pods-StackOverflowQuestions.debug.xcconfig"; sourceTree = "<group>"; };
/* End PBXFileReference section */

/* Begin PBXFrameworksBuildPhase section */
		559A9E8321FDCC8D00DBB617 /* Frameworks */ = {
			isa = PBXFrameworksBuildPhase;
			buildActionMask = 2147483647;
			files = (
				537E4DF1637E683B5568CFC1 /* Pods_StackOverflowQuestions.framework in Frameworks */,
			);
			runOnlyForDeploymentPostprocessing = 0;
		};
/* End PBXFrameworksBuildPhase section */

/* Begin PBXGroup section */
		2D6F95D9DBFC7869A6D81EE8 /* Frameworks */ = {
			isa = PBXGroup;
			children = (
				5AC849C13AF5F7C3B15BCD09 /* Pods_StackOverflowQuestions.framework */,
			);
			name = Frameworks;
			sourceTree = "<group>";
		};
		4987790193D87F58E32BC242 /* Pods */ = {
			isa = PBXGroup;
			children = (
				C237E2DD2368EB5FB9EA46F1 /* Pods-StackOverflowQuestions.debug.xcconfig */,
				B3ED71D56998CBB837C6E189 /* Pods-StackOverflowQuestions.release.xcconfig */,
			);
			name = Pods;
			sourceTree = "<group>";
		};
		55422883221FB92C00823775 /* Models */ = {
			isa = PBXGroup;
			children = (
				55D9220621FEA19C00F8A0A6 /* TableDataSource.swift */,
				55A8478E221CF34C007EF49B /* PickerClasses.swift */,
				559A9E9B21FDCDFA00DBB617 /* ResponseModel.swift */,
				55D9220821FEA41C00F8A0A6 /* QuestionCell.swift */,
			);
			path = Models;
			sourceTree = "<group>";
		};
		55422884221FB98A00823775 /* Networking */ = {
			isa = PBXGroup;
			children = (
				55C0898121FE90C400B0F42E /* HTTPClient.swift */,
				55BA70E621FEC40A0084E6F4 /* StackOverflowRequest.swift */,
			);
			path = Networking;
			sourceTree = "<group>";
		};
		55422885221FB9BD00823775 /* ViewControllers */ = {
			isa = PBXGroup;
			children = (
				559A9E8B21FDCC8D00DBB617 /* ViewController.swift */,
				55AE3D4D221AD85400A2293C /* SettingsTableViewController.swift */,
			);
			path = ViewControllers;
			sourceTree = "<group>";
		};
		5545C60821FF4EC5009F4425 /* Screenshots */ = {
			isa = PBXGroup;
			children = (
				5545C60921FF4EC5009F4425 /* UITableView.png */,
			);
			path = Screenshots;
			sourceTree = "<group>";
		};
		559A9E7D21FDCC8D00DBB617 = {
			isa = PBXGroup;
			children = (
				559A9E8821FDCC8D00DBB617 /* StackOverflowQuestions */,
				5545C60821FF4EC5009F4425 /* Screenshots */,
				559A9E8721FDCC8D00DBB617 /* Products */,
				4987790193D87F58E32BC242 /* Pods */,
				2D6F95D9DBFC7869A6D81EE8 /* Frameworks */,
			);
			sourceTree = "<group>";
		};
		559A9E8721FDCC8D00DBB617 /* Products */ = {
			isa = PBXGroup;
			children = (
				559A9E8621FDCC8D00DBB617 /* StackOverflowQuestions.app */,
			);
			name = Products;
			sourceTree = "<group>";
		};
		559A9E8821FDCC8D00DBB617 /* StackOverflowQuestions */ = {
			isa = PBXGroup;
			children = (
				559A9E8921FDCC8D00DBB617 /* AppDelegate.swift */,
				559A9E9021FDCC8F00DBB617 /* Assets.xcassets */,
				55422883221FB92C00823775 /* Models */,
				55422884221FB98A00823775 /* Networking */,
				55AE3D4C221AB35D00A2293C /* Storyboards */,
				55422885221FB9BD00823775 /* ViewControllers */,
				55422881221FB2BB00823775 /* .swiftlint.yml */,
				5545C60421FF4455009F4425 /* README.md */,
				5545C60321FF4455009F4425 /* LICENSE */,
				559A9E9521FDCC8F00DBB617 /* Info.plist */,
			);
			path = StackOverflowQuestions;
			sourceTree = "<group>";
		};
		55AE3D4C221AB35D00A2293C /* Storyboards */ = {
			isa = PBXGroup;
			children = (
				559A9E8D21FDCC8D00DBB617 /* Main.storyboard */,
				55AE3D4A221AB34E00A2293C /* Settings.storyboard */,
				559A9E9221FDCC8F00DBB617 /* LaunchScreen.storyboard */,
			);
			path = Storyboards;
			sourceTree = "<group>";
		};
/* End PBXGroup section */

/* Begin PBXNativeTarget section */
		559A9E8521FDCC8D00DBB617 /* StackOverflowQuestions */ = {
			isa = PBXNativeTarget;
			buildConfigurationList = 559A9E9821FDCC8F00DBB617 /* Build configuration list for PBXNativeTarget "StackOverflowQuestions" */;
			buildPhases = (
				30F867BF4389A54C6A1DFCDF /* [CP] Check Pods Manifest.lock */,
				559A9E8221FDCC8D00DBB617 /* Sources */,
				559A9E8321FDCC8D00DBB617 /* Frameworks */,
				559A9E8421FDCC8D00DBB617 /* Resources */,
				55DDB345221FAD20006133C7 /* ShellScript */,
			);
			buildRules = (
			);
			dependencies = (
			);
			name = StackOverflowQuestions;
			productName = GetStackOverflowPosts;
			productReference = 559A9E8621FDCC8D00DBB617 /* StackOverflowQuestions.app */;
			productType = "com.apple.product-type.application";
		};
/* End PBXNativeTarget section */

/* Begin PBXProject section */
		559A9E7E21FDCC8D00DBB617 /* Project object */ = {
			isa = PBXProject;
			attributes = {
				LastSwiftUpdateCheck = 1010;
				LastUpgradeCheck = 1010;
				ORGANIZATIONNAME = "Andrey Filonov";
				TargetAttributes = {
					559A9E8521FDCC8D00DBB617 = {
						CreatedOnToolsVersion = 10.1;
					};
				};
			};
			buildConfigurationList = 559A9E8121FDCC8D00DBB617 /* Build configuration list for PBXProject "StackOverflowQuestions" */;
			compatibilityVersion = "Xcode 9.3";
			developmentRegion = en;
			hasScannedForEncodings = 0;
			knownRegions = (
				en,
				Base,
			);
			mainGroup = 559A9E7D21FDCC8D00DBB617;
			productRefGroup = 559A9E8721FDCC8D00DBB617 /* Products */;
			projectDirPath = "";
			projectRoot = "";
			targets = (
				559A9E8521FDCC8D00DBB617 /* StackOverflowQuestions */,
			);
		};
/* End PBXProject section */

/* Begin PBXResourcesBuildPhase section */
		559A9E8421FDCC8D00DBB617 /* Resources */ = {
			isa = PBXResourcesBuildPhase;
			buildActionMask = 2147483647;
			files = (
				55422882221FB2BB00823775 /* .swiftlint.yml in Resources */,
				559A9E9421FDCC8F00DBB617 /* LaunchScreen.storyboard in Resources */,
				5545C60A21FF4EC6009F4425 /* UITableView.png in Resources */,
				559A9E9121FDCC8F00DBB617 /* Assets.xcassets in Resources */,
				5545C60621FF4455009F4425 /* README.md in Resources */,
				5545C60521FF4455009F4425 /* LICENSE in Resources */,
				559A9E8F21FDCC8D00DBB617 /* Main.storyboard in Resources */,
				55AE3D4B221AB34E00A2293C /* Settings.storyboard in Resources */,
			);
			runOnlyForDeploymentPostprocessing = 0;
		};
/* End PBXResourcesBuildPhase section */

/* Begin PBXShellScriptBuildPhase section */
		30F867BF4389A54C6A1DFCDF /* [CP] Check Pods Manifest.lock */ = {
			isa = PBXShellScriptBuildPhase;
			buildActionMask = 2147483647;
			files = (
			);
			inputFileListPaths = (
			);
			inputPaths = (
				"${PODS_PODFILE_DIR_PATH}/Podfile.lock",
				"${PODS_ROOT}/Manifest.lock",
			);
			name = "[CP] Check Pods Manifest.lock";
			outputFileListPaths = (
			);
			outputPaths = (
				"$(DERIVED_FILE_DIR)/Pods-StackOverflowQuestions-checkManifestLockResult.txt",
			);
			runOnlyForDeploymentPostprocessing = 0;
			shellPath = /bin/sh;
			shellScript = "diff \"${PODS_PODFILE_DIR_PATH}/Podfile.lock\" \"${PODS_ROOT}/Manifest.lock\" > /dev/null\nif [ $? != 0 ] ; then\n    # print error to STDERR\n    echo \"error: The sandbox is not in sync with the Podfile.lock. Run 'pod install' or update your CocoaPods installation.\" >&2\n    exit 1\nfi\n# This output is used by Xcode 'outputs' to avoid re-running this script phase.\necho \"SUCCESS\" > \"${SCRIPT_OUTPUT_FILE_0}\"\n";
			showEnvVarsInLog = 0;
		};
		55DDB345221FAD20006133C7 /* ShellScript */ = {
			isa = PBXShellScriptBuildPhase;
			buildActionMask = 2147483647;
			files = (
			);
			inputFileListPaths = (
			);
			inputPaths = (
			);
			outputFileListPaths = (
			);
			outputPaths = (
			);
			runOnlyForDeploymentPostprocessing = 0;
			shellPath = /bin/sh;
			shellScript = "${PODS_ROOT}/SwiftLint/swiftlint\n";
		};
/* End PBXShellScriptBuildPhase section */

/* Begin PBXSourcesBuildPhase section */
		559A9E8221FDCC8D00DBB617 /* Sources */ = {
			isa = PBXSourcesBuildPhase;
			buildActionMask = 2147483647;
			files = (
				559A9E9C21FDCDFA00DBB617 /* ResponseModel.swift in Sources */,
				559A9E8C21FDCC8D00DBB617 /* ViewController.swift in Sources */,
				55D9220721FEA19C00F8A0A6 /* TableDataSource.swift in Sources */,
				55D9220921FEA41C00F8A0A6 /* QuestionCell.swift in Sources */,
				55C0898221FE90C400B0F42E /* HTTPClient.swift in Sources */,
				55A8478F221CF34C007EF49B /* PickerClasses.swift in Sources */,
				559A9E8A21FDCC8D00DBB617 /* AppDelegate.swift in Sources */,
				55AE3D4E221AD85400A2293C /* SettingsTableViewController.swift in Sources */,
				55BA70E721FEC40A0084E6F4 /* StackOverflowRequest.swift in Sources */,
			);
			runOnlyForDeploymentPostprocessing = 0;
		};
/* End PBXSourcesBuildPhase section */

/* Begin PBXVariantGroup section */
		559A9E8D21FDCC8D00DBB617 /* Main.storyboard */ = {
			isa = PBXVariantGroup;
			children = (
				559A9E8E21FDCC8D00DBB617 /* Base */,
			);
			name = Main.storyboard;
			sourceTree = "<group>";
		};
		559A9E9221FDCC8F00DBB617 /* LaunchScreen.storyboard */ = {
			isa = PBXVariantGroup;
			children = (
				559A9E9321FDCC8F00DBB617 /* Base */,
			);
			name = LaunchScreen.storyboard;
			sourceTree = "<group>";
		};
/* End PBXVariantGroup section */

/* Begin XCBuildConfiguration section */
		559A9E9621FDCC8F00DBB617 /* Debug */ = {
			isa = XCBuildConfiguration;
			buildSettings = {
				ALWAYS_SEARCH_USER_PATHS = NO;
				CLANG_ANALYZER_NONNULL = YES;
				CLANG_ANALYZER_NUMBER_OBJECT_CONVERSION = YES_AGGRESSIVE;
				CLANG_CXX_LANGUAGE_STANDARD = "gnu++14";
				CLANG_CXX_LIBRARY = "libc++";
				CLANG_ENABLE_MODULES = YES;
				CLANG_ENABLE_OBJC_ARC = YES;
				CLANG_ENABLE_OBJC_WEAK = YES;
				CLANG_WARN_BLOCK_CAPTURE_AUTORELEASING = YES;
				CLANG_WARN_BOOL_CONVERSION = YES;
				CLANG_WARN_COMMA = YES;
				CLANG_WARN_CONSTANT_CONVERSION = YES;
				CLANG_WARN_DEPRECATED_OBJC_IMPLEMENTATIONS = YES;
				CLANG_WARN_DIRECT_OBJC_ISA_USAGE = YES_ERROR;
				CLANG_WARN_DOCUMENTATION_COMMENTS = YES;
				CLANG_WARN_EMPTY_BODY = YES;
				CLANG_WARN_ENUM_CONVERSION = YES;
				CLANG_WARN_INFINITE_RECURSION = YES;
				CLANG_WARN_INT_CONVERSION = YES;
				CLANG_WARN_NON_LITERAL_NULL_CONVERSION = YES;
				CLANG_WARN_OBJC_IMPLICIT_RETAIN_SELF = YES;
				CLANG_WARN_OBJC_LITERAL_CONVERSION = YES;
				CLANG_WARN_OBJC_ROOT_CLASS = YES_ERROR;
				CLANG_WARN_RANGE_LOOP_ANALYSIS = YES;
				CLANG_WARN_STRICT_PROTOTYPES = YES;
				CLANG_WARN_SUSPICIOUS_MOVE = YES;
				CLANG_WARN_UNGUARDED_AVAILABILITY = YES_AGGRESSIVE;
				CLANG_WARN_UNREACHABLE_CODE = YES;
				CLANG_WARN__DUPLICATE_METHOD_MATCH = YES;
				CODE_SIGN_IDENTITY = "iPhone Developer";
				COPY_PHASE_STRIP = NO;
				DEBUG_INFORMATION_FORMAT = dwarf;
				ENABLE_STRICT_OBJC_MSGSEND = YES;
				ENABLE_TESTABILITY = YES;
				GCC_C_LANGUAGE_STANDARD = gnu11;
				GCC_DYNAMIC_NO_PIC = NO;
				GCC_NO_COMMON_BLOCKS = YES;
				GCC_OPTIMIZATION_LEVEL = 0;
				GCC_PREPROCESSOR_DEFINITIONS = (
					"DEBUG=1",
					"$(inherited)",
				);
				GCC_WARN_64_TO_32_BIT_CONVERSION = YES;
				GCC_WARN_ABOUT_RETURN_TYPE = YES_ERROR;
				GCC_WARN_UNDECLARED_SELECTOR = YES;
				GCC_WARN_UNINITIALIZED_AUTOS = YES_AGGRESSIVE;
				GCC_WARN_UNUSED_FUNCTION = YES;
				GCC_WARN_UNUSED_VARIABLE = YES;
				IPHONEOS_DEPLOYMENT_TARGET = 11.0;
				MTL_ENABLE_DEBUG_INFO = INCLUDE_SOURCE;
				MTL_FAST_MATH = YES;
				ONLY_ACTIVE_ARCH = YES;
				SDKROOT = iphoneos;
				SWIFT_ACTIVE_COMPILATION_CONDITIONS = DEBUG;
				SWIFT_OPTIMIZATION_LEVEL = "-Onone";
			};
			name = Debug;
		};
		559A9E9721FDCC8F00DBB617 /* Release */ = {
			isa = XCBuildConfiguration;
			buildSettings = {
				ALWAYS_SEARCH_USER_PATHS = NO;
				CLANG_ANALYZER_NONNULL = YES;
				CLANG_ANALYZER_NUMBER_OBJECT_CONVERSION = YES_AGGRESSIVE;
				CLANG_CXX_LANGUAGE_STANDARD = "gnu++14";
				CLANG_CXX_LIBRARY = "libc++";
				CLANG_ENABLE_MODULES = YES;
				CLANG_ENABLE_OBJC_ARC = YES;
				CLANG_ENABLE_OBJC_WEAK = YES;
				CLANG_WARN_BLOCK_CAPTURE_AUTORELEASING = YES;
				CLANG_WARN_BOOL_CONVERSION = YES;
				CLANG_WARN_COMMA = YES;
				CLANG_WARN_CONSTANT_CONVERSION = YES;
				CLANG_WARN_DEPRECATED_OBJC_IMPLEMENTATIONS = YES;
				CLANG_WARN_DIRECT_OBJC_ISA_USAGE = YES_ERROR;
				CLANG_WARN_DOCUMENTATION_COMMENTS = YES;
				CLANG_WARN_EMPTY_BODY = YES;
				CLANG_WARN_ENUM_CONVERSION = YES;
				CLANG_WARN_INFINITE_RECURSION = YES;
				CLANG_WARN_INT_CONVERSION = YES;
				CLANG_WARN_NON_LITERAL_NULL_CONVERSION = YES;
				CLANG_WARN_OBJC_IMPLICIT_RETAIN_SELF = YES;
				CLANG_WARN_OBJC_LITERAL_CONVERSION = YES;
				CLANG_WARN_OBJC_ROOT_CLASS = YES_ERROR;
				CLANG_WARN_RANGE_LOOP_ANALYSIS = YES;
				CLANG_WARN_STRICT_PROTOTYPES = YES;
				CLANG_WARN_SUSPICIOUS_MOVE = YES;
				CLANG_WARN_UNGUARDED_AVAILABILITY = YES_AGGRESSIVE;
				CLANG_WARN_UNREACHABLE_CODE = YES;
				CLANG_WARN__DUPLICATE_METHOD_MATCH = YES;
				CODE_SIGN_IDENTITY = "iPhone Developer";
				COPY_PHASE_STRIP = NO;
				DEBUG_INFORMATION_FORMAT = "dwarf-with-dsym";
				ENABLE_NS_ASSERTIONS = NO;
				ENABLE_STRICT_OBJC_MSGSEND = YES;
				GCC_C_LANGUAGE_STANDARD = gnu11;
				GCC_NO_COMMON_BLOCKS = YES;
				GCC_WARN_64_TO_32_BIT_CONVERSION = YES;
				GCC_WARN_ABOUT_RETURN_TYPE = YES_ERROR;
				GCC_WARN_UNDECLARED_SELECTOR = YES;
				GCC_WARN_UNINITIALIZED_AUTOS = YES_AGGRESSIVE;
				GCC_WARN_UNUSED_FUNCTION = YES;
				GCC_WARN_UNUSED_VARIABLE = YES;
				IPHONEOS_DEPLOYMENT_TARGET = 11.0;
				MTL_ENABLE_DEBUG_INFO = NO;
				MTL_FAST_MATH = YES;
				SDKROOT = iphoneos;
				SWIFT_COMPILATION_MODE = wholemodule;
				SWIFT_OPTIMIZATION_LEVEL = "-O";
				VALIDATE_PRODUCT = YES;
			};
			name = Release;
		};
		559A9E9921FDCC8F00DBB617 /* Debug */ = {
			isa = XCBuildConfiguration;
			baseConfigurationReference = C237E2DD2368EB5FB9EA46F1 /* Pods-StackOverflowQuestions.debug.xcconfig */;
			buildSettings = {
				ASSETCATALOG_COMPILER_APPICON_NAME = AppIcon;
				CODE_SIGN_STYLE = Automatic;
				DEVELOPMENT_TEAM = 3CX5D66CWL;
				INFOPLIST_FILE = "$(SRCROOT)/StackOverflowQuestions/Info.plist";
				IPHONEOS_DEPLOYMENT_TARGET = 11.0;
				LD_RUNPATH_SEARCH_PATHS = (
					"$(inherited)",
					"@executable_path/Frameworks",
				);
				PRODUCT_BUNDLE_IDENTIFIER = afil.StackOverflowQuestions;
				PRODUCT_NAME = "$(TARGET_NAME)";
				SWIFT_VERSION = 4.2;
				TARGETED_DEVICE_FAMILY = "1,2";
			};
			name = Debug;
		};
		559A9E9A21FDCC8F00DBB617 /* Release */ = {
			isa = XCBuildConfiguration;
			baseConfigurationReference = B3ED71D56998CBB837C6E189 /* Pods-StackOverflowQuestions.release.xcconfig */;
			buildSettings = {
				ASSETCATALOG_COMPILER_APPICON_NAME = AppIcon;
				CODE_SIGN_STYLE = Automatic;
				DEVELOPMENT_TEAM = 3CX5D66CWL;
				INFOPLIST_FILE = "$(SRCROOT)/StackOverflowQuestions/Info.plist";
				IPHONEOS_DEPLOYMENT_TARGET = 11.0;
				LD_RUNPATH_SEARCH_PATHS = (
					"$(inherited)",
					"@executable_path/Frameworks",
				);
				PRODUCT_BUNDLE_IDENTIFIER = afil.StackOverflowQuestions;
				PRODUCT_NAME = "$(TARGET_NAME)";
				SWIFT_VERSION = 4.2;
				TARGETED_DEVICE_FAMILY = "1,2";
			};
			name = Release;
		};
/* End XCBuildConfiguration section */

/* Begin XCConfigurationList section */
		559A9E8121FDCC8D00DBB617 /* Build configuration list for PBXProject "StackOverflowQuestions" */ = {
			isa = XCConfigurationList;
			buildConfigurations = (
				559A9E9621FDCC8F00DBB617 /* Debug */,
				559A9E9721FDCC8F00DBB617 /* Release */,
			);
			defaultConfigurationIsVisible = 0;
			defaultConfigurationName = Release;
		};
		559A9E9821FDCC8F00DBB617 /* Build configuration list for PBXNativeTarget "StackOverflowQuestions" */ = {
			isa = XCConfigurationList;
			buildConfigurations = (
				559A9E9921FDCC8F00DBB617 /* Debug */,
				559A9E9A21FDCC8F00DBB617 /* Release */,
			);
			defaultConfigurationIsVisible = 0;
			defaultConfigurationName = Release;
		};
/* End XCConfigurationList section */
	};
	rootObject = 559A9E7E21FDCC8D00DBB617 /* Project object */;
}
